
Microsoft Visual Studio Solution File, Format Version 12.00
# Visual Studio Version 17
VisualStudioVersion = 17.4.33110.190
MinimumVisualStudioVersion = 10.0.40219.1
Project("{9A19103F-16F7-4668-BE54-9A1E7A4F7556}") = "Lab1Routing", "Lab1Routing\Lab1Routing.csproj", "{89650ECA-3995-44B3-9468-EF2231A1DD9F}"
EndProject
Project("{9A19103F-16F7-4668-BE54-9A1E7A4F7556}") = "WebApp", "WebApp\WebApp.csproj", "{3B484FC9-6531-4D51-8016-0B13935394CA}"
EndProject
Global
	GlobalSection(SolutionConfigurationPlatforms) = preSolution
		Debug|Any CPU = Debug|Any CPU
		Release|Any CPU = Release|Any CPU
	EndGlobalSection
	GlobalSection(ProjectConfigurationPlatforms) = postSolution
		{89650ECA-3995-44B3-9468-EF2231A1DD9F}.Debug|Any CPU.ActiveCfg = Debug|Any CPU
		{89650ECA-3995-44B3-9468-EF2231A1DD9F}.Debug|Any CPU.Build.0 = Debug|Any CPU
		{89650ECA-3995-44B3-9468-EF2231A1DD9F}.Release|Any CPU.ActiveCfg = Release|Any CPU
		{89650ECA-3995-44B3-9468-EF2231A1DD9F}.Release|Any CPU.Build.0 = Release|Any CPU
		{3B484FC9-6531-4D51-8016-0B13935394CA}.Debug|Any CPU.ActiveCfg = Debug|Any CPU
		{3B484FC9-6531-4D51-8016-0B13935394CA}.Debug|Any CPU.Build.0 = Debug|Any CPU
		{3B484FC9-6531-4D51-8016-0B13935394CA}.Release|Any CPU.ActiveCfg = Release|Any CPU
		{3B484FC9-6531-4D51-8016-0B13935394CA}.Release|Any CPU.Build.0 = Release|Any CPU
	EndGlobalSection
	GlobalSection(SolutionProperties) = preSolution
		HideSolutionNode = FALSE
	EndGlobalSection
	GlobalSection(ExtensibilityGlobals) = postSolution
		SolutionGuid = {40432301-0B09-4679-8D61-04739FD531E5}
	EndGlobalSection
EndGlobal
